
Microsoft Visual Studio Solution File, Format Version 12.00
# Visual Studio Version 16
VisualStudioVersion = 16.0.29609.76
MinimumVisualStudioVersion = 10.0.40219.1
Project("{FAE04EC0-301F-11D3-BF4B-00C04F79EFBC}") = "webapi", "webapi.csproj", "{6A3B91EC-D953-4144-9158-247EFAC06E4D}"
EndProject
Global
	GlobalSection(SolutionConfigurationPlatforms) = preSolution
		Debug|Any CPU = Debug|Any CPU
		Release|Any CPU = Release|Any CPU
	EndGlobalSection
	GlobalSection(ProjectConfigurationPlatforms) = postSolution
		{6A3B91EC-D953-4144-9158-247EFAC06E4D}.Debug|Any CPU.ActiveCfg = Debug|Any CPU
		{6A3B91EC-D953-4144-9158-247EFAC06E4D}.Debug|Any CPU.Build.0 = Debug|Any CPU
		{6A3B91EC-D953-4144-9158-247EFAC06E4D}.Release|Any CPU.ActiveCfg = Release|Any CPU
		{6A3B91EC-D953-4144-9158-247EFAC06E4D}.Release|Any CPU.Build.0 = Release|Any CPU
	EndGlobalSection
	GlobalSection(SolutionProperties) = preSolution
		HideSolutionNode = FALSE
	EndGlobalSection
	GlobalSection(ExtensibilityGlobals) = postSolution
		SolutionGuid = {1D694B80-8CB8-411A-A6F1-7718B31A2740}
	EndGlobalSection
EndGlobal
